
Microsoft Visual Studio Solution File, Format Version 12.00
# Visual Studio Version 17
VisualStudioVersion = 17.10.35122.118
MinimumVisualStudioVersion = 10.0.40219.1
Project("{FAE04EC0-301F-11D3-BF4B-00C04F79EFBC}") = "dotNetApi", "dotNetApi\dotNetApi.csproj", "{598FD71C-99FB-404E-BBFB-0D19BDE68BB0}"
EndProject
Global
	GlobalSection(SolutionConfigurationPlatforms) = preSolution
		Debug|Any CPU = Debug|Any CPU
		Release|Any CPU = Release|Any CPU
	EndGlobalSection
	GlobalSection(ProjectConfigurationPlatforms) = postSolution
		{598FD71C-99FB-404E-BBFB-0D19BDE68BB0}.Debug|Any CPU.ActiveCfg = Debug|Any CPU
		{598FD71C-99FB-404E-BBFB-0D19BDE68BB0}.Debug|Any CPU.Build.0 = Debug|Any CPU
		{598FD71C-99FB-404E-BBFB-0D19BDE68BB0}.Release|Any CPU.ActiveCfg = Release|Any CPU
		{598FD71C-99FB-404E-BBFB-0D19BDE68BB0}.Release|Any CPU.Build.0 = Release|Any CPU
	EndGlobalSection
	GlobalSection(SolutionProperties) = preSolution
		HideSolutionNode = FALSE
	EndGlobalSection
	GlobalSection(ExtensibilityGlobals) = postSolution
		SolutionGuid = {2C3177F2-B7F6-4B15-AB64-65D586EBB879}
	EndGlobalSection
EndGlobal
